
Microsoft Visual Studio Solution File, Format Version 12.00
# Visual Studio Version 17
VisualStudioVersion = 17.0.31903.59
MinimumVisualStudioVersion = 10.0.40219.1
Project("{2150E333-8FDC-42A3-9474-1A3956D46DE8}") = "src", "src", "{E3A56267-95F8-4785-A868-02ACAE8E9C48}"
EndProject
Project("{FAE04EC0-301F-11D3-BF4B-00C04F79EFBC}") = "Macrofy.App", "src\Macrofy.App\Macrofy.App.csproj", "{AD550A51-087E-41CC-A68E-54CED3A35CBF}"
EndProject
Project("{FAE04EC0-301F-11D3-BF4B-00C04F79EFBC}") = "Macrofy.Core", "src\Macrofy.Core\Macrofy.Core.csproj", "{52400A80-F084-4887-80D3-10B223BA860C}"
EndProject
Project("{FAE04EC0-301F-11D3-BF4B-00C04F79EFBC}") = "Macrofy.Diag", "src\Macrofy.Diag\Macrofy.Diag.csproj", "{83F4163E-7A66-483B-840F-82AD861F7B7E}"
EndProject
Global
	GlobalSection(SolutionConfigurationPlatforms) = preSolution
		Debug|Any CPU = Debug|Any CPU
		Release|Any CPU = Release|Any CPU
	EndGlobalSection
	GlobalSection(SolutionProperties) = preSolution
		HideSolutionNode = FALSE
	EndGlobalSection
	GlobalSection(ProjectConfigurationPlatforms) = postSolution
		{AD550A51-087E-41CC-A68E-54CED3A35CBF}.Debug|Any CPU.ActiveCfg = Debug|Any CPU
		{AD550A51-087E-41CC-A68E-54CED3A35CBF}.Debug|Any CPU.Build.0 = Debug|Any CPU
		{AD550A51-087E-41CC-A68E-54CED3A35CBF}.Release|Any CPU.ActiveCfg = Release|Any CPU
		{AD550A51-087E-41CC-A68E-54CED3A35CBF}.Release|Any CPU.Build.0 = Release|Any CPU
		{52400A80-F084-4887-80D3-10B223BA860C}.Debug|Any CPU.ActiveCfg = Debug|Any CPU
		{52400A80-F084-4887-80D3-10B223BA860C}.Debug|Any CPU.Build.0 = Debug|Any CPU
		{52400A80-F084-4887-80D3-10B223BA860C}.Release|Any CPU.ActiveCfg = Release|Any CPU
		{52400A80-F084-4887-80D3-10B223BA860C}.Release|Any CPU.Build.0 = Release|Any CPU
		{83F4163E-7A66-483B-840F-82AD861F7B7E}.Debug|Any CPU.ActiveCfg = Debug|Any CPU
		{83F4163E-7A66-483B-840F-82AD861F7B7E}.Debug|Any CPU.Build.0 = Debug|Any CPU
		{83F4163E-7A66-483B-840F-82AD861F7B7E}.Release|Any CPU.ActiveCfg = Release|Any CPU
		{83F4163E-7A66-483B-840F-82AD861F7B7E}.Release|Any CPU.Build.0 = Release|Any CPU
	EndGlobalSection
	GlobalSection(NestedProjects) = preSolution
		{AD550A51-087E-41CC-A68E-54CED3A35CBF} = {E3A56267-95F8-4785-A868-02ACAE8E9C48}
		{52400A80-F084-4887-80D3-10B223BA860C} = {E3A56267-95F8-4785-A868-02ACAE8E9C48}
		{83F4163E-7A66-483B-840F-82AD861F7B7E} = {E3A56267-95F8-4785-A868-02ACAE8E9C48}
	EndGlobalSection
EndGlobal
